
Microsoft Visual Studio Solution File, Format Version 12.00
# Visual Studio Version 16
VisualStudioVersion = 16.0.29613.14
MinimumVisualStudioVersion = 10.0.40219.1
Project("{9A19103F-16F7-4668-BE54-9A1E7A4F7556}") = "Core.MiroSerivice.Template", "Core.MiroSerivice.Template\Core.MiroSerivice.Template.csproj", "{03FFA565-4BC9-4976-B292-DFC1E5BAACB5}"
EndProject
Project("{9A19103F-16F7-4668-BE54-9A1E7A4F7556}") = "Core.MircoService.WebApi", "Core.MircoService.WebApi\Core.MircoService.WebApi.csproj", "{AE09C0F8-56D9-498E-8058-E0F192B60E11}"
EndProject
Global
	GlobalSection(SolutionConfigurationPlatforms) = preSolution
		Debug|Any CPU = Debug|Any CPU
		Release|Any CPU = Release|Any CPU
	EndGlobalSection
	GlobalSection(ProjectConfigurationPlatforms) = postSolution
		{03FFA565-4BC9-4976-B292-DFC1E5BAACB5}.Debug|Any CPU.ActiveCfg = Debug|Any CPU
		{03FFA565-4BC9-4976-B292-DFC1E5BAACB5}.Debug|Any CPU.Build.0 = Debug|Any CPU
		{03FFA565-4BC9-4976-B292-DFC1E5BAACB5}.Release|Any CPU.ActiveCfg = Release|Any CPU
		{03FFA565-4BC9-4976-B292-DFC1E5BAACB5}.Release|Any CPU.Build.0 = Release|Any CPU
		{AE09C0F8-56D9-498E-8058-E0F192B60E11}.Debug|Any CPU.ActiveCfg = Debug|Any CPU
		{AE09C0F8-56D9-498E-8058-E0F192B60E11}.Debug|Any CPU.Build.0 = Debug|Any CPU
		{AE09C0F8-56D9-498E-8058-E0F192B60E11}.Release|Any CPU.ActiveCfg = Release|Any CPU
		{AE09C0F8-56D9-498E-8058-E0F192B60E11}.Release|Any CPU.Build.0 = Release|Any CPU
	EndGlobalSection
	GlobalSection(SolutionProperties) = preSolution
		HideSolutionNode = FALSE
	EndGlobalSection
	GlobalSection(ExtensibilityGlobals) = postSolution
		SolutionGuid = {AB7B9769-D2BC-4B98-8152-C1BD660D8159}
	EndGlobalSection
EndGlobal
